
Microsoft Visual Studio Solution File, Format Version 12.00
# Visual Studio Version 16
VisualStudioVersion = 16.0.30621.155
MinimumVisualStudioVersion = 10.0.40219.1
Project("{FAE04EC0-301F-11D3-BF4B-00C04F79EFBC}") = "Atividade_12_01", "Atividade_12_01\Atividade_12_01.csproj", "{F0B98AB8-AE19-427C-98D9-939C201D73CC}"
EndProject
Global
	GlobalSection(SolutionConfigurationPlatforms) = preSolution
		Debug|Any CPU = Debug|Any CPU
		Release|Any CPU = Release|Any CPU
	EndGlobalSection
	GlobalSection(ProjectConfigurationPlatforms) = postSolution
		{F0B98AB8-AE19-427C-98D9-939C201D73CC}.Debug|Any CPU.ActiveCfg = Debug|Any CPU
		{F0B98AB8-AE19-427C-98D9-939C201D73CC}.Debug|Any CPU.Build.0 = Debug|Any CPU
		{F0B98AB8-AE19-427C-98D9-939C201D73CC}.Release|Any CPU.ActiveCfg = Release|Any CPU
		{F0B98AB8-AE19-427C-98D9-939C201D73CC}.Release|Any CPU.Build.0 = Release|Any CPU
	EndGlobalSection
	GlobalSection(SolutionProperties) = preSolution
		HideSolutionNode = FALSE
	EndGlobalSection
	GlobalSection(ExtensibilityGlobals) = postSolution
		SolutionGuid = {20C492C7-54E2-453F-B5B8-C35A3EB90190}
	EndGlobalSection
EndGlobal
