
Microsoft Visual Studio Solution File, Format Version 12.00
# Visual Studio Version 16
VisualStudioVersion = 16.0.30621.155
MinimumVisualStudioVersion = 10.0.40219.1
Project("{FAE04EC0-301F-11D3-BF4B-00C04F79EFBC}") = "Atividade_05_01", "Atividade_05_01\Atividade_05_01.csproj", "{C30DBF53-4EDE-4C1A-B898-545D2DDFD37A}"
EndProject
Global
	GlobalSection(SolutionConfigurationPlatforms) = preSolution
		Debug|Any CPU = Debug|Any CPU
		Release|Any CPU = Release|Any CPU
	EndGlobalSection
	GlobalSection(ProjectConfigurationPlatforms) = postSolution
		{C30DBF53-4EDE-4C1A-B898-545D2DDFD37A}.Debug|Any CPU.ActiveCfg = Debug|Any CPU
		{C30DBF53-4EDE-4C1A-B898-545D2DDFD37A}.Debug|Any CPU.Build.0 = Debug|Any CPU
		{C30DBF53-4EDE-4C1A-B898-545D2DDFD37A}.Release|Any CPU.ActiveCfg = Release|Any CPU
		{C30DBF53-4EDE-4C1A-B898-545D2DDFD37A}.Release|Any CPU.Build.0 = Release|Any CPU
	EndGlobalSection
	GlobalSection(SolutionProperties) = preSolution
		HideSolutionNode = FALSE
	EndGlobalSection
	GlobalSection(ExtensibilityGlobals) = postSolution
		SolutionGuid = {487F2062-B3F8-40D8-896B-98C668E226E1}
	EndGlobalSection
EndGlobal
