
Microsoft Visual Studio Solution File, Format Version 12.00
# Visual Studio Version 16
VisualStudioVersion = 16.0.30621.155
MinimumVisualStudioVersion = 10.0.40219.1
Project("{FAE04EC0-301F-11D3-BF4B-00C04F79EFBC}") = "tp_final", "tp_final\tp_final.csproj", "{6A79EDED-83CD-4DC8-8037-21D921292E1F}"
EndProject
Global
	GlobalSection(SolutionConfigurationPlatforms) = preSolution
		Debug|Any CPU = Debug|Any CPU
		Release|Any CPU = Release|Any CPU
	EndGlobalSection
	GlobalSection(ProjectConfigurationPlatforms) = postSolution
		{6A79EDED-83CD-4DC8-8037-21D921292E1F}.Debug|Any CPU.ActiveCfg = Debug|Any CPU
		{6A79EDED-83CD-4DC8-8037-21D921292E1F}.Debug|Any CPU.Build.0 = Debug|Any CPU
		{6A79EDED-83CD-4DC8-8037-21D921292E1F}.Release|Any CPU.ActiveCfg = Release|Any CPU
		{6A79EDED-83CD-4DC8-8037-21D921292E1F}.Release|Any CPU.Build.0 = Release|Any CPU
	EndGlobalSection
	GlobalSection(SolutionProperties) = preSolution
		HideSolutionNode = FALSE
	EndGlobalSection
	GlobalSection(ExtensibilityGlobals) = postSolution
		SolutionGuid = {25EFD5F5-0D3E-4B27-93E4-39CFB83FEC37}
	EndGlobalSection
EndGlobal
